PODS:
  - FMDB (2.7.5):
    - FMDB/standard (= 2.7.5)
  - FMDB/standard (2.7.5)
  - LKDBHelper (2.5.1):
    - LKDBHelper/standard (= 2.5.1)
  - LKDBHelper/standard (2.5.1):
    - FMDB

DEPENDENCIES:
  - LKDBHelper (from `../`)

EXTERNAL SOURCES:
  LKDBHelper:
    :path: ../

SPEC CHECKSUMS:
  FMDB: 2ce00b547f966261cd18927a3ddb07cb6f3db82a
  LKDBHelper: a56dea2b39a3a54f4afb4bbf75b44677e1569cf7

PODFILE CHECKSUM: 8ab4fcb50ca555a64e4a5b32b3d09ca09c6105ce

COCOAPODS: 1.4.0
